
Microsoft Visual Studio Solution File, Format Version 12.00
# Visual Studio Version 17
VisualStudioVersion = 17.6.33829.357
MinimumVisualStudioVersion = 10.0.40219.1
Project("{8BC9CEB8-8B4A-11D0-8D11-00A0C91BC942}") = "dnf-helper", "dnf-helper\dnf-helper.vcxproj", "{1E595069-E9BF-415F-9C39-9992EABACDBF}"
EndProject
Project("{8BC9CEB8-8B4A-11D0-8D11-00A0C91BC942}") = "mfc", "mfc\mfc.vcxproj", "{3775D86A-C3B7-4012-BA0D-E5C2566AD676}"
EndProject
Global
	GlobalSection(SolutionConfigurationPlatforms) = preSolution
		Debug|ARM64 = Debug|ARM64
		Debug|x64 = Debug|x64
		Debug|x86 = Debug|x86
		Release|ARM64 = Release|ARM64
		Release|x64 = Release|x64
		Release|x86 = Release|x86
	EndGlobalSection
	GlobalSection(ProjectConfigurationPlatforms) = postSolution
		{1E595069-E9BF-415F-9C39-9992EABACDBF}.Debug|ARM64.ActiveCfg = Debug|x64
		{1E595069-E9BF-415F-9C39-9992EABACDBF}.Debug|ARM64.Build.0 = Debug|x64
		{1E595069-E9BF-415F-9C39-9992EABACDBF}.Debug|x64.ActiveCfg = Debug|x64
		{1E595069-E9BF-415F-9C39-9992EABACDBF}.Debug|x64.Build.0 = Debug|x64
		{1E595069-E9BF-415F-9C39-9992EABACDBF}.Debug|x86.ActiveCfg = Debug|Win32
		{1E595069-E9BF-415F-9C39-9992EABACDBF}.Debug|x86.Build.0 = Debug|Win32
		{1E595069-E9BF-415F-9C39-9992EABACDBF}.Release|ARM64.ActiveCfg = Release|x64
		{1E595069-E9BF-415F-9C39-9992EABACDBF}.Release|ARM64.Build.0 = Release|x64
		{1E595069-E9BF-415F-9C39-9992EABACDBF}.Release|x64.ActiveCfg = Release|x64
		{1E595069-E9BF-415F-9C39-9992EABACDBF}.Release|x64.Build.0 = Release|x64
		{1E595069-E9BF-415F-9C39-9992EABACDBF}.Release|x86.ActiveCfg = Release|Win32
		{1E595069-E9BF-415F-9C39-9992EABACDBF}.Release|x86.Build.0 = Release|Win32
		{3775D86A-C3B7-4012-BA0D-E5C2566AD676}.Debug|ARM64.ActiveCfg = Debug|ARM64
		{3775D86A-C3B7-4012-BA0D-E5C2566AD676}.Debug|ARM64.Build.0 = Debug|ARM64
		{3775D86A-C3B7-4012-BA0D-E5C2566AD676}.Debug|x64.ActiveCfg = Debug|x64
		{3775D86A-C3B7-4012-BA0D-E5C2566AD676}.Debug|x64.Build.0 = Debug|x64
		{3775D86A-C3B7-4012-BA0D-E5C2566AD676}.Debug|x86.ActiveCfg = Debug|Win32
		{3775D86A-C3B7-4012-BA0D-E5C2566AD676}.Debug|x86.Build.0 = Debug|Win32
		{3775D86A-C3B7-4012-BA0D-E5C2566AD676}.Release|ARM64.ActiveCfg = Release|ARM64
		{3775D86A-C3B7-4012-BA0D-E5C2566AD676}.Release|ARM64.Build.0 = Release|ARM64
		{3775D86A-C3B7-4012-BA0D-E5C2566AD676}.Release|x64.ActiveCfg = Release|x64
		{3775D86A-C3B7-4012-BA0D-E5C2566AD676}.Release|x64.Build.0 = Release|x64
		{3775D86A-C3B7-4012-BA0D-E5C2566AD676}.Release|x86.ActiveCfg = Release|Win32
		{3775D86A-C3B7-4012-BA0D-E5C2566AD676}.Release|x86.Build.0 = Release|Win32
	EndGlobalSection
	GlobalSection(SolutionProperties) = preSolution
		HideSolutionNode = FALSE
	EndGlobalSection
	GlobalSection(ExtensibilityGlobals) = postSolution
		SolutionGuid = {BA247D3F-2E56-4882-A44C-FCAE9A3FD5E4}
	EndGlobalSection
EndGlobal
